// !$*UTF8*$!
{
	archiveVersion = 1;
	classes = {
	};
	objectVersion = 50;
	objects = {

/* Begin PBXBuildFile section */
		093C4D8622C0B275006FF0C6 /* AppDelegate.swift in Sources */ = {isa = PBXBuildFile; fileRef = 093C4D8522C0B275006FF0C6 /* AppDelegate.swift */; };
		093C4D8B22C0B275006FF0C6 /* Main.storyboard in Resources */ = {isa = PBXBuildFile; fileRef = 093C4D8922C0B275006FF0C6 /* Main.storyboard */; };
		093C4D8D22C0B276006FF0C6 /* Assets.xcassets in Resources */ = {isa = PBXBuildFile; fileRef = 093C4D8C22C0B276006FF0C6 /* Assets.xcassets */; };
		093C4D9022C0B276006FF0C6 /* LaunchScreen.storyboard in Resources */ = {isa = PBXBuildFile; fileRef = 093C4D8E22C0B276006FF0C6 /* LaunchScreen.storyboard */; };
		093C4D9822C0B2D7006FF0C6 /* ZAlgoDemoViewController.swift in Sources */ = {isa = PBXBuildFile; fileRef = 093C4D9722C0B2D7006FF0C6 /* ZAlgoDemoViewController.swift */; };
		093C4D9A22C0BB72006FF0C6 /* ZAlgoDemoSortViewController.swift in Sources */ = {isa = PBXBuildFile; fileRef = 093C4D9922C0BB72006FF0C6 /* ZAlgoDemoSortViewController.swift */; };
		093C4D9C22C0BB8E006FF0C6 /* ZAlgoDemoStringViewController.swift in Sources */ = {isa = PBXBuildFile; fileRef = 093C4D9B22C0BB8E006FF0C6 /* ZAlgoDemoStringViewController.swift */; };
		093C4D9F22C0BBA6006FF0C6 /* UIKit.framework in Frameworks */ = {isa = PBXBuildFile; fileRef = 093C4D9E22C0BBA6006FF0C6 /* UIKit.framework */; };
		093C4DA122C0BBAE006FF0C6 /* Foundation.framework in Frameworks */ = {isa = PBXBuildFile; fileRef = 093C4DA022C0BBAE006FF0C6 /* Foundation.framework */; };
		0944EDCA22C5FB7A00F663A6 /* ZAlgoDemoHeapViewController.swift in Sources */ = {isa = PBXBuildFile; fileRef = 0944EDC922C5FB7A00F663A6 /* ZAlgoDemoHeapViewController.swift */; };
		0944EDCD22C5FBA200F663A6 /* ZAlgoHeap.swift in Sources */ = {isa = PBXBuildFile; fileRef = 0944EDCC22C5FBA200F663A6 /* ZAlgoHeap.swift */; };
		09C5730F22C1FD980087645F /* ZAlgoDemoLinkedListViewController.swift in Sources */ = {isa = PBXBuildFile; fileRef = 09C5730E22C1FD980087645F /* ZAlgoDemoLinkedListViewController.swift */; };
		09C5731222C2013D0087645F /* ZAlgoList.swift in Sources */ = {isa = PBXBuildFile; fileRef = 09C5731122C2013D0087645F /* ZAlgoList.swift */; };
		09C5731722C313D30087645F /* ZAlgoDemoBinarySearchViewController.swift in Sources */ = {isa = PBXBuildFile; fileRef = 09C5731622C313D30087645F /* ZAlgoDemoBinarySearchViewController.swift */; };
		09C5731B22C34EB40087645F /* ZAlgoDemoTreeViewController.swift in Sources */ = {isa = PBXBuildFile; fileRef = 09C5731A22C34EB40087645F /* ZAlgoDemoTreeViewController.swift */; };
		09C5731E22C353C00087645F /* ZAlgoTree.swift in Sources */ = {isa = PBXBuildFile; fileRef = 09C5731D22C353C00087645F /* ZAlgoTree.swift */; };
		09F5819622C9FEED00B75149 /* ZAlgoDemoLeetCodeViewController.swift in Sources */ = {isa = PBXBuildFile; fileRef = 09F5819522C9FEED00B75149 /* ZAlgoDemoLeetCodeViewController.swift */; };
/* End PBXBuildFile section */

/* Begin PBXFileReference section */
		093C4D8222C0B275006FF0C6 /* ZAlgoDemoSwift.app */ = {isa = PBXFileReference; explicitFileType = wrapper.application; includeInIndex = 0; path = ZAlgoDemoSwift.app; sourceTree = BUILT_PRODUCTS_DIR; };
		093C4D8522C0B275006FF0C6 /* AppDelegate.swift */ = {isa = PBXFileReference; lastKnownFileType = sourcecode.swift; path = AppDelegate.swift; sourceTree = "<group>"; };
		093C4D8A22C0B275006FF0C6 /* Base */ = {isa = PBXFileReference; lastKnownFileType = file.storyboard; name = Base; path = Base.lproj/Main.storyboard; sourceTree = "<group>"; };
		093C4D8C22C0B276006FF0C6 /* Assets.xcassets */ = {isa = PBXFileReference; lastKnownFileType = folder.assetcatalog; path = Assets.xcassets; sourceTree = "<group>"; };
		093C4D8F22C0B276006FF0C6 /* Base */ = {isa = PBXFileReference; lastKnownFileType = file.storyboard; name = Base; path = Base.lproj/LaunchScreen.storyboard; sourceTree = "<group>"; };
		093C4D9122C0B276006FF0C6 /* Info.plist */ = {isa = PBXFileReference; lastKnownFileType = text.plist.xml; path = Info.plist; sourceTree = "<group>"; };
		093C4D9722C0B2D7006FF0C6 /* ZAlgoDemoViewController.swift */ = {isa = PBXFileReference; lastKnownFileType = sourcecode.swift; path = ZAlgoDemoViewController.swift; sourceTree = "<group>"; };
		093C4D9922C0BB72006FF0C6 /* ZAlgoDemoSortViewController.swift */ = {isa = PBXFileReference; lastKnownFileType = sourcecode.swift; path = ZAlgoDemoSortViewController.swift; sourceTree = "<group>"; };
		093C4D9B22C0BB8E006FF0C6 /* ZAlgoDemoStringViewController.swift */ = {isa = PBXFileReference; lastKnownFileType = sourcecode.swift; path = ZAlgoDemoStringViewController.swift; sourceTree = "<group>"; };
		093C4D9E22C0BBA6006FF0C6 /* UIKit.framework */ = {isa = PBXFileReference; lastKnownFileType = wrapper.framework; name = UIKit.framework; path = System/Library/Frameworks/UIKit.framework; sourceTree = SDKROOT; };
		093C4DA022C0BBAE006FF0C6 /* Foundation.framework */ = {isa = PBXFileReference; lastKnownFileType = wrapper.framework; name = Foundation.framework; path = System/Library/Frameworks/Foundation.framework; sourceTree = SDKROOT; };
		0944EDC922C5FB7A00F663A6 /* ZAlgoDemoHeapViewController.swift */ = {isa = PBXFileReference; lastKnownFileType = sourcecode.swift; path = ZAlgoDemoHeapViewController.swift; sourceTree = "<group>"; };
		0944EDCC22C5FBA200F663A6 /* ZAlgoHeap.swift */ = {isa = PBXFileReference; lastKnownFileType = sourcecode.swift; path = ZAlgoHeap.swift; sourceTree = "<group>"; };
		09C5730E22C1FD980087645F /* ZAlgoDemoLinkedListViewController.swift */ = {isa = PBXFileReference; lastKnownFileType = sourcecode.swift; path = ZAlgoDemoLinkedListViewController.swift; sourceTree = "<group>"; };
		09C5731122C2013D0087645F /* ZAlgoList.swift */ = {isa = PBXFileReference; lastKnownFileType = sourcecode.swift; path = ZAlgoList.swift; sourceTree = "<group>"; };
		09C5731622C313D30087645F /* ZAlgoDemoBinarySearchViewController.swift */ = {isa = PBXFileReference; lastKnownFileType = sourcecode.swift; path = ZAlgoDemoBinarySearchViewController.swift; sourceTree = "<group>"; };
		09C5731A22C34EB40087645F /* ZAlgoDemoTreeViewController.swift */ = {isa = PBXFileReference; lastKnownFileType = sourcecode.swift; path = ZAlgoDemoTreeViewController.swift; sourceTree = "<group>"; };
		09C5731D22C353C00087645F /* ZAlgoTree.swift */ = {isa = PBXFileReference; lastKnownFileType = sourcecode.swift; path = ZAlgoTree.swift; sourceTree = "<group>"; };
		09F5819522C9FEED00B75149 /* ZAlgoDemoLeetCodeViewController.swift */ = {isa = PBXFileReference; lastKnownFileType = sourcecode.swift; path = ZAlgoDemoLeetCodeViewController.swift; sourceTree = "<group>"; };
/* End PBXFileReference section */

/* Begin PBXFrameworksBuildPhase section */
		093C4D7F22C0B275006FF0C6 /* Frameworks */ = {
			isa = PBXFrameworksBuildPhase;
			buildActionMask = 2147483647;
			files = (
				093C4DA122C0BBAE006FF0C6 /* Foundation.framework in Frameworks */,
				093C4D9F22C0BBA6006FF0C6 /* UIKit.framework in Frameworks */,
			);
			runOnlyForDeploymentPostprocessing = 0;
		};
/* End PBXFrameworksBuildPhase section */

/* Begin PBXGroup section */
		093C4D7922C0B275006FF0C6 = {
			isa = PBXGroup;
			children = (
				093C4D8422C0B275006FF0C6 /* ZAlgoDemoSwift */,
				093C4D8322C0B275006FF0C6 /* Products */,
				093C4D9D22C0BBA6006FF0C6 /* Frameworks */,
			);
			sourceTree = "<group>";
		};
		093C4D8322C0B275006FF0C6 /* Products */ = {
			isa = PBXGroup;
			children = (
				093C4D8222C0B275006FF0C6 /* ZAlgoDemoSwift.app */,
			);
			name = Products;
			sourceTree = "<group>";
		};
		093C4D8422C0B275006FF0C6 /* ZAlgoDemoSwift */ = {
			isa = PBXGroup;
			children = (
				093C4D8522C0B275006FF0C6 /* AppDelegate.swift */,
				093C4D9722C0B2D7006FF0C6 /* ZAlgoDemoViewController.swift */,
				09C5731422C234320087645F /* ZAlgoDemoSort */,
				09C5731022C201160087645F /* ZAlgoDemoLinkedList */,
				09C5731822C3159A0087645F /* ZAlgoDemoString */,
				09C5731922C315A40087645F /* ZAlgoDemoBinarySearch */,
				09C5731C22C34EB80087645F /* ZAlgoDemoTree */,
				0944EDCB22C5FB8200F663A6 /* ZAlgoDemoHeap */,
				09F5819722C9FEF500B75149 /* ZAlgoLeetCode */,
				093C4D8922C0B275006FF0C6 /* Main.storyboard */,
				093C4D8C22C0B276006FF0C6 /* Assets.xcassets */,
				093C4D8E22C0B276006FF0C6 /* LaunchScreen.storyboard */,
				093C4D9122C0B276006FF0C6 /* Info.plist */,
			);
			path = ZAlgoDemoSwift;
			sourceTree = "<group>";
		};
		093C4D9D22C0BBA6006FF0C6 /* Frameworks */ = {
			isa = PBXGroup;
			children = (
				093C4DA022C0BBAE006FF0C6 /* Foundation.framework */,
				093C4D9E22C0BBA6006FF0C6 /* UIKit.framework */,
			);
			name = Frameworks;
			sourceTree = "<group>";
		};
		0944EDCB22C5FB8200F663A6 /* ZAlgoDemoHeap */ = {
			isa = PBXGroup;
			children = (
				0944EDC922C5FB7A00F663A6 /* ZAlgoDemoHeapViewController.swift */,
				0944EDCC22C5FBA200F663A6 /* ZAlgoHeap.swift */,
			);
			path = ZAlgoDemoHeap;
			sourceTree = "<group>";
		};
		09C5731022C201160087645F /* ZAlgoDemoLinkedList */ = {
			isa = PBXGroup;
			children = (
				09C5730E22C1FD980087645F /* ZAlgoDemoLinkedListViewController.swift */,
				09C5731122C2013D0087645F /* ZAlgoList.swift */,
			);
			path = ZAlgoDemoLinkedList;
			sourceTree = "<group>";
		};
		09C5731422C234320087645F /* ZAlgoDemoSort */ = {
			isa = PBXGroup;
			children = (
				093C4D9922C0BB72006FF0C6 /* ZAlgoDemoSortViewController.swift */,
			);
			path = ZAlgoDemoSort;
			sourceTree = "<group>";
		};
		09C5731822C3159A0087645F /* ZAlgoDemoString */ = {
			isa = PBXGroup;
			children = (
				093C4D9B22C0BB8E006FF0C6 /* ZAlgoDemoStringViewController.swift */,
			);
			path = ZAlgoDemoString;
			sourceTree = "<group>";
		};
		09C5731922C315A40087645F /* ZAlgoDemoBinarySearch */ = {
			isa = PBXGroup;
			children = (
				09C5731622C313D30087645F /* ZAlgoDemoBinarySearchViewController.swift */,
			);
			path = ZAlgoDemoBinarySearch;
			sourceTree = "<group>";
		};
		09C5731C22C34EB80087645F /* ZAlgoDemoTree */ = {
			isa = PBXGroup;
			children = (
				09C5731A22C34EB40087645F /* ZAlgoDemoTreeViewController.swift */,
				09C5731D22C353C00087645F /* ZAlgoTree.swift */,
			);
			path = ZAlgoDemoTree;
			sourceTree = "<group>";
		};
		09F5819722C9FEF500B75149 /* ZAlgoLeetCode */ = {
			isa = PBXGroup;
			children = (
				09F5819522C9FEED00B75149 /* ZAlgoDemoLeetCodeViewController.swift */,
			);
			path = ZAlgoLeetCode;
			sourceTree = "<group>";
		};
/* End PBXGroup section */

/* Begin PBXNativeTarget section */
		093C4D8122C0B275006FF0C6 /* ZAlgoDemoSwift */ = {
			isa = PBXNativeTarget;
			buildConfigurationList = 093C4D9422C0B276006FF0C6 /* Build configuration list for PBXNativeTarget "ZAlgoDemoSwift" */;
			buildPhases = (
				093C4D7E22C0B275006FF0C6 /* Sources */,
				093C4D7F22C0B275006FF0C6 /* Frameworks */,
				093C4D8022C0B275006FF0C6 /* Resources */,
			);
			buildRules = (
			);
			dependencies = (
			);
			name = ZAlgoDemoSwift;
			productName = ZAlgoDemoSwift;
			productReference = 093C4D8222C0B275006FF0C6 /* ZAlgoDemoSwift.app */;
			productType = "com.apple.product-type.application";
		};
/* End PBXNativeTarget section */

/* Begin PBXProject section */
		093C4D7A22C0B275006FF0C6 /* Project object */ = {
			isa = PBXProject;
			attributes = {
				LastSwiftUpdateCheck = 1020;
				LastUpgradeCheck = 1020;
				ORGANIZATIONNAME = zjixin;
				TargetAttributes = {
					093C4D8122C0B275006FF0C6 = {
						CreatedOnToolsVersion = 10.2.1;
					};
				};
			};
			buildConfigurationList = 093C4D7D22C0B275006FF0C6 /* Build configuration list for PBXProject "ZAlgoDemoSwift" */;
			compatibilityVersion = "Xcode 9.3";
			developmentRegion = en;
			hasScannedForEncodings = 0;
			knownRegions = (
				en,
				Base,
			);
			mainGroup = 093C4D7922C0B275006FF0C6;
			productRefGroup = 093C4D8322C0B275006FF0C6 /* Products */;
			projectDirPath = "";
			projectRoot = "";
			targets = (
				093C4D8122C0B275006FF0C6 /* ZAlgoDemoSwift */,
			);
		};
/* End PBXProject section */

/* Begin PBXResourcesBuildPhase section */
		093C4D8022C0B275006FF0C6 /* Resources */ = {
			isa = PBXResourcesBuildPhase;
			buildActionMask = 2147483647;
			files = (
				093C4D9022C0B276006FF0C6 /* LaunchScreen.storyboard in Resources */,
				093C4D8D22C0B276006FF0C6 /* Assets.xcassets in Resources */,
				093C4D8B22C0B275006FF0C6 /* Main.storyboard in Resources */,
			);
			runOnlyForDeploymentPostprocessing = 0;
		};
/* End PBXResourcesBuildPhase section */

/* Begin PBXSourcesBuildPhase section */
		093C4D7E22C0B275006FF0C6 /* Sources */ = {
			isa = PBXSourcesBuildPhase;
			buildActionMask = 2147483647;
			files = (
				09C5730F22C1FD980087645F /* ZAlgoDemoLinkedListViewController.swift in Sources */,
				093C4D9A22C0BB72006FF0C6 /* ZAlgoDemoSortViewController.swift in Sources */,
				09F5819622C9FEED00B75149 /* ZAlgoDemoLeetCodeViewController.swift in Sources */,
				09C5731E22C353C00087645F /* ZAlgoTree.swift in Sources */,
				093C4D9822C0B2D7006FF0C6 /* ZAlgoDemoViewController.swift in Sources */,
				09C5731222C2013D0087645F /* ZAlgoList.swift in Sources */,
				0944EDCD22C5FBA200F663A6 /* ZAlgoHeap.swift in Sources */,
				093C4D9C22C0BB8E006FF0C6 /* ZAlgoDemoStringViewController.swift in Sources */,
				093C4D8622C0B275006FF0C6 /* AppDelegate.swift in Sources */,
				0944EDCA22C5FB7A00F663A6 /* ZAlgoDemoHeapViewController.swift in Sources */,
				09C5731722C313D30087645F /* ZAlgoDemoBinarySearchViewController.swift in Sources */,
				09C5731B22C34EB40087645F /* ZAlgoDemoTreeViewController.swift in Sources */,
			);
			runOnlyForDeploymentPostprocessing = 0;
		};
/* End PBXSourcesBuildPhase section */

/* Begin PBXVariantGroup section */
		093C4D8922C0B275006FF0C6 /* Main.storyboard */ = {
			isa = PBXVariantGroup;
			children = (
				093C4D8A22C0B275006FF0C6 /* Base */,
			);
			name = Main.storyboard;
			sourceTree = "<group>";
		};
		093C4D8E22C0B276006FF0C6 /* LaunchScreen.storyboard */ = {
			isa = PBXVariantGroup;
			children = (
				093C4D8F22C0B276006FF0C6 /* Base */,
			);
			name = LaunchScreen.storyboard;
			sourceTree = "<group>";
		};
/* End PBXVariantGroup section */

/* Begin XCBuildConfiguration section */
		093C4D9222C0B276006FF0C6 /* Debug */ = {
			isa = XCBuildConfiguration;
			buildSettings = {
				ALWAYS_SEARCH_USER_PATHS = NO;
				CLANG_ANALYZER_NONNULL = YES;
				CLANG_ANALYZER_NUMBER_OBJECT_CONVERSION = YES_AGGRESSIVE;
				CLANG_CXX_LANGUAGE_STANDARD = "gnu++14";
				CLANG_CXX_LIBRARY = "libc++";
				CLANG_ENABLE_MODULES = YES;
				CLANG_ENABLE_OBJC_ARC = YES;
				CLANG_ENABLE_OBJC_WEAK = YES;
				CLANG_WARN_BLOCK_CAPTURE_AUTORELEASING = YES;
				CLANG_WARN_BOOL_CONVERSION = YES;
				CLANG_WARN_COMMA = YES;
				CLANG_WARN_CONSTANT_CONVERSION = YES;
				CLANG_WARN_DEPRECATED_OBJC_IMPLEMENTATIONS = YES;
				CLANG_WARN_DIRECT_OBJC_ISA_USAGE = YES_ERROR;
				CLANG_WARN_DOCUMENTATION_COMMENTS = YES;
				CLANG_WARN_EMPTY_BODY = YES;
				CLANG_WARN_ENUM_CONVERSION = YES;
				CLANG_WARN_INFINITE_RECURSION = YES;
				CLANG_WARN_INT_CONVERSION = YES;
				CLANG_WARN_NON_LITERAL_NULL_CONVERSION = YES;
				CLANG_WARN_OBJC_IMPLICIT_RETAIN_SELF = YES;
				CLANG_WARN_OBJC_LITERAL_CONVERSION = YES;
				CLANG_WARN_OBJC_ROOT_CLASS = YES_ERROR;
				CLANG_WARN_RANGE_LOOP_ANALYSIS = YES;
				CLANG_WARN_STRICT_PROTOTYPES = YES;
				CLANG_WARN_SUSPICIOUS_MOVE = YES;
				CLANG_WARN_UNGUARDED_AVAILABILITY = YES_AGGRESSIVE;
				CLANG_WARN_UNREACHABLE_CODE = YES;
				CLANG_WARN__DUPLICATE_METHOD_MATCH = YES;
				CODE_SIGN_IDENTITY = "iPhone Developer";
				COPY_PHASE_STRIP = NO;
				DEBUG_INFORMATION_FORMAT = dwarf;
				ENABLE_STRICT_OBJC_MSGSEND = YES;
				ENABLE_TESTABILITY = YES;
				GCC_C_LANGUAGE_STANDARD = gnu11;
				GCC_DYNAMIC_NO_PIC = NO;
				GCC_NO_COMMON_BLOCKS = YES;
				GCC_OPTIMIZATION_LEVEL = 0;
				GCC_PREPROCESSOR_DEFINITIONS = (
					"DEBUG=1",
					"$(inherited)",
				);
				GCC_WARN_64_TO_32_BIT_CONVERSION = YES;
				GCC_WARN_ABOUT_RETURN_TYPE = YES_ERROR;
				GCC_WARN_UNDECLARED_SELECTOR = YES;
				GCC_WARN_UNINITIALIZED_AUTOS = YES_AGGRESSIVE;
				GCC_WARN_UNUSED_FUNCTION = YES;
				GCC_WARN_UNUSED_VARIABLE = YES;
				IPHONEOS_DEPLOYMENT_TARGET = 12.2;
				MTL_ENABLE_DEBUG_INFO = INCLUDE_SOURCE;
				MTL_FAST_MATH = YES;
				ONLY_ACTIVE_ARCH = YES;
				SDKROOT = iphoneos;
				SWIFT_ACTIVE_COMPILATION_CONDITIONS = DEBUG;
				SWIFT_OPTIMIZATION_LEVEL = "-Onone";
			};
			name = Debug;
		};
		093C4D9322C0B276006FF0C6 /* Release */ = {
			isa = XCBuildConfiguration;
			buildSettings = {
				ALWAYS_SEARCH_USER_PATHS = NO;
				CLANG_ANALYZER_NONNULL = YES;
				CLANG_ANALYZER_NUMBER_OBJECT_CONVERSION = YES_AGGRESSIVE;
				CLANG_CXX_LANGUAGE_STANDARD = "gnu++14";
				CLANG_CXX_LIBRARY = "libc++";
				CLANG_ENABLE_MODULES = YES;
				CLANG_ENABLE_OBJC_ARC = YES;
				CLANG_ENABLE_OBJC_WEAK = YES;
				CLANG_WARN_BLOCK_CAPTURE_AUTORELEASING = YES;
				CLANG_WARN_BOOL_CONVERSION = YES;
				CLANG_WARN_COMMA = YES;
				CLANG_WARN_CONSTANT_CONVERSION = YES;
				CLANG_WARN_DEPRECATED_OBJC_IMPLEMENTATIONS = YES;
				CLANG_WARN_DIRECT_OBJC_ISA_USAGE = YES_ERROR;
				CLANG_WARN_DOCUMENTATION_COMMENTS = YES;
				CLANG_WARN_EMPTY_BODY = YES;
				CLANG_WARN_ENUM_CONVERSION = YES;
				CLANG_WARN_INFINITE_RECURSION = YES;
				CLANG_WARN_INT_CONVERSION = YES;
				CLANG_WARN_NON_LITERAL_NULL_CONVERSION = YES;
				CLANG_WARN_OBJC_IMPLICIT_RETAIN_SELF = YES;
				CLANG_WARN_OBJC_LITERAL_CONVERSION = YES;
				CLANG_WARN_OBJC_ROOT_CLASS = YES_ERROR;
				CLANG_WARN_RANGE_LOOP_ANALYSIS = YES;
				CLANG_WARN_STRICT_PROTOTYPES = YES;
				CLANG_WARN_SUSPICIOUS_MOVE = YES;
				CLANG_WARN_UNGUARDED_AVAILABILITY = YES_AGGRESSIVE;
				CLANG_WARN_UNREACHABLE_CODE = YES;
				CLANG_WARN__DUPLICATE_METHOD_MATCH = YES;
				CODE_SIGN_IDENTITY = "iPhone Developer";
				COPY_PHASE_STRIP = NO;
				DEBUG_INFORMATION_FORMAT = "dwarf-with-dsym";
				ENABLE_NS_ASSERTIONS = NO;
				ENABLE_STRICT_OBJC_MSGSEND = YES;
				GCC_C_LANGUAGE_STANDARD = gnu11;
				GCC_NO_COMMON_BLOCKS = YES;
				GCC_WARN_64_TO_32_BIT_CONVERSION = YES;
				GCC_WARN_ABOUT_RETURN_TYPE = YES_ERROR;
				GCC_WARN_UNDECLARED_SELECTOR = YES;
				GCC_WARN_UNINITIALIZED_AUTOS = YES_AGGRESSIVE;
				GCC_WARN_UNUSED_FUNCTION = YES;
				GCC_WARN_UNUSED_VARIABLE = YES;
				IPHONEOS_DEPLOYMENT_TARGET = 12.2;
				MTL_ENABLE_DEBUG_INFO = NO;
				MTL_FAST_MATH = YES;
				SDKROOT = iphoneos;
				SWIFT_COMPILATION_MODE = wholemodule;
				SWIFT_OPTIMIZATION_LEVEL = "-O";
				VALIDATE_PRODUCT = YES;
			};
			name = Release;
		};
		093C4D9522C0B276006FF0C6 /* Debug */ = {
			isa = XCBuildConfiguration;
			buildSettings = {
				ASSETCATALOG_COMPILER_APPICON_NAME = AppIcon;
				CODE_SIGN_STYLE = Automatic;
				DEVELOPMENT_TEAM = 4RTMSXL9KV;
				INFOPLIST_FILE = ZAlgoDemoSwift/Info.plist;
				LD_RUNPATH_SEARCH_PATHS = (
					"$(inherited)",
					"@executable_path/Frameworks",
				);
				PRODUCT_BUNDLE_IDENTIFIER = app.jixin.ZAlgoDemoSwift;
				PRODUCT_NAME = "$(TARGET_NAME)";
				SWIFT_VERSION = 5.0;
				TARGETED_DEVICE_FAMILY = "1,2";
			};
			name = Debug;
		};
		093C4D9622C0B276006FF0C6 /* Release */ = {
			isa = XCBuildConfiguration;
			buildSettings = {
				ASSETCATALOG_COMPILER_APPICON_NAME = AppIcon;
				CODE_SIGN_STYLE = Automatic;
				DEVELOPMENT_TEAM = 4RTMSXL9KV;
				INFOPLIST_FILE = ZAlgoDemoSwift/Info.plist;
				LD_RUNPATH_SEARCH_PATHS = (
					"$(inherited)",
					"@executable_path/Frameworks",
				);
				PRODUCT_BUNDLE_IDENTIFIER = app.jixin.ZAlgoDemoSwift;
				PRODUCT_NAME = "$(TARGET_NAME)";
				SWIFT_VERSION = 5.0;
				TARGETED_DEVICE_FAMILY = "1,2";
			};
			name = Release;
		};
/* End XCBuildConfiguration section */

/* Begin XCConfigurationList section */
		093C4D7D22C0B275006FF0C6 /* Build configuration list for PBXProject "ZAlgoDemoSwift" */ = {
			isa = XCConfigurationList;
			buildConfigurations = (
				093C4D9222C0B276006FF0C6 /* Debug */,
				093C4D9322C0B276006FF0C6 /* Release */,
			);
			defaultConfigurationIsVisible = 0;
			defaultConfigurationName = Release;
		};
		093C4D9422C0B276006FF0C6 /* Build configuration list for PBXNativeTarget "ZAlgoDemoSwift" */ = {
			isa = XCConfigurationList;
			buildConfigurations = (
				093C4D9522C0B276006FF0C6 /* Debug */,
				093C4D9622C0B276006FF0C6 /* Release */,
			);
			defaultConfigurationIsVisible = 0;
			defaultConfigurationName = Release;
		};
/* End XCConfigurationList section */
	};
	rootObject = 093C4D7A22C0B275006FF0C6 /* Project object */;
}
